
Microsoft Visual Studio Solution File, Format Version 12.00
# Visual Studio Version 16
VisualStudioVersion = 16.0.31424.327
MinimumVisualStudioVersion = 10.0.40219.1
Project("{9A19103F-16F7-4668-BE54-9A1E7A4F7556}") = "AG-Parcial", "AG-Parcial\AG-Parcial.csproj", "{5F8B68F9-DF61-44D5-9C90-319454D5AE9E}"
EndProject
Project("{FAE04EC0-301F-11D3-BF4B-00C04F79EFBC}") = "UI", "UI\UI.csproj", "{293A1B1E-C2E5-4A45-BA75-38D1884C098C}"
EndProject
Global
	GlobalSection(SolutionConfigurationPlatforms) = preSolution
		Debug|Any CPU = Debug|Any CPU
		Release|Any CPU = Release|Any CPU
	EndGlobalSection
	GlobalSection(ProjectConfigurationPlatforms) = postSolution
		{5F8B68F9-DF61-44D5-9C90-319454D5AE9E}.Debug|Any CPU.ActiveCfg = Debug|Any CPU
		{5F8B68F9-DF61-44D5-9C90-319454D5AE9E}.Debug|Any CPU.Build.0 = Debug|Any CPU
		{5F8B68F9-DF61-44D5-9C90-319454D5AE9E}.Release|Any CPU.ActiveCfg = Release|Any CPU
		{5F8B68F9-DF61-44D5-9C90-319454D5AE9E}.Release|Any CPU.Build.0 = Release|Any CPU
		{293A1B1E-C2E5-4A45-BA75-38D1884C098C}.Debug|Any CPU.ActiveCfg = Debug|Any CPU
		{293A1B1E-C2E5-4A45-BA75-38D1884C098C}.Debug|Any CPU.Build.0 = Debug|Any CPU
		{293A1B1E-C2E5-4A45-BA75-38D1884C098C}.Release|Any CPU.ActiveCfg = Release|Any CPU
		{293A1B1E-C2E5-4A45-BA75-38D1884C098C}.Release|Any CPU.Build.0 = Release|Any CPU
	EndGlobalSection
	GlobalSection(SolutionProperties) = preSolution
		HideSolutionNode = FALSE
	EndGlobalSection
	GlobalSection(ExtensibilityGlobals) = postSolution
		SolutionGuid = {8C067132-B8F7-44D5-ABB5-94A9742C8612}
	EndGlobalSection
EndGlobal
